// !$*UTF8*$!
{
	archiveVersion = 1;
	classes = {
	};
	objectVersion = 46;
	objects = {

/* Begin PBXBuildFile section */
		8407A4EE1B6E3E52009D8279 /* main.m in Sources */ = {isa = PBXBuildFile; fileRef = 8407A4ED1B6E3E52009D8279 /* main.m */; };
		8407A4F11B6E3E52009D8279 /* AppDelegate.m in Sources */ = {isa = PBXBuildFile; fileRef = 8407A4F01B6E3E52009D8279 /* AppDelegate.m */; };
		8407A4F41B6E3E52009D8279 /* ViewController.m in Sources */ = {isa = PBXBuildFile; fileRef = 8407A4F31B6E3E52009D8279 /* ViewController.m */; };
		8407A4F71B6E3E52009D8279 /* Main.storyboard in Resources */ = {isa = PBXBuildFile; fileRef = 8407A4F51B6E3E52009D8279 /* Main.storyboard */; };
		8407A4F91B6E3E52009D8279 /* Images.xcassets in Resources */ = {isa = PBXBuildFile; fileRef = 8407A4F81B6E3E52009D8279 /* Images.xcassets */; };
		8407A4FC1B6E3E52009D8279 /* LaunchScreen.xib in Resources */ = {isa = PBXBuildFile; fileRef = 8407A4FA1B6E3E52009D8279 /* LaunchScreen.xib */; };
		8407A5081B6E3E52009D8279 /* PageViewDemoTests.m in Sources */ = {isa = PBXBuildFile; fileRef = 8407A5071B6E3E52009D8279 /* PageViewDemoTests.m */; };
/* End PBXBuildFile section */

/* Begin PBXContainerItemProxy section */
		8407A5021B6E3E52009D8279 /* PBXContainerItemProxy */ = {
			isa = PBXContainerItemProxy;
			containerPortal = 8407A4E01B6E3E52009D8279 /* Project object */;
			proxyType = 1;
			remoteGlobalIDString = 8407A4E71B6E3E52009D8279;
			remoteInfo = PageViewDemo;
		};
/* End PBXContainerItemProxy section */

/* Begin PBXFileReference section */
		8407A4E81B6E3E52009D8279 /* PageViewDemo.app */ = {isa = PBXFileReference; explicitFileType = wrapper.application; includeInIndex = 0; path = PageViewDemo.app; sourceTree = BUILT_PRODUCTS_DIR; };
		8407A4EC1B6E3E52009D8279 /* Info.plist */ = {isa = PBXFileReference; lastKnownFileType = text.plist.xml; path = Info.plist; sourceTree = "<group>"; };
		8407A4ED1B6E3E52009D8279 /* main.m */ = {isa = PBXFileReference; lastKnownFileType = sourcecode.c.objc; path = main.m; sourceTree = "<group>"; };
		8407A4EF1B6E3E52009D8279 /* AppDelegate.h */ = {isa = PBXFileReference; lastKnownFileType = sourcecode.c.h; path = AppDelegate.h; sourceTree = "<group>"; };
		8407A4F01B6E3E52009D8279 /* AppDelegate.m */ = {isa = PBXFileReference; lastKnownFileType = sourcecode.c.objc; path = AppDelegate.m; sourceTree = "<group>"; };
		8407A4F21B6E3E52009D8279 /* ViewController.h */ = {isa = PBXFileReference; lastKnownFileType = sourcecode.c.h; path = ViewController.h; sourceTree = "<group>"; };
		8407A4F31B6E3E52009D8279 /* ViewController.m */ = {isa = PBXFileReference; lastKnownFileType = sourcecode.c.objc; path = ViewController.m; sourceTree = "<group>"; };
		8407A4F61B6E3E52009D8279 /* Base */ = {isa = PBXFileReference; lastKnownFileType = file.storyboard; name = Base; path = Base.lproj/Main.storyboard; sourceTree = "<group>"; };
		8407A4F81B6E3E52009D8279 /* Images.xcassets */ = {isa = PBXFileReference; lastKnownFileType = folder.assetcatalog; path = Images.xcassets; sourceTree = "<group>"; };
		8407A4FB1B6E3E52009D8279 /* Base */ = {isa = PBXFileReference; lastKnownFileType = file.xib; name = Base; path = Base.lproj/LaunchScreen.xib; sourceTree = "<group>"; };
		8407A5011B6E3E52009D8279 /* PageViewDemoTests.xctest */ = {isa = PBXFileReference; explicitFileType = wrapper.cfbundle; includeInIndex = 0; path = PageViewDemoTests.xctest; sourceTree = BUILT_PRODUCTS_DIR; };
		8407A5061B6E3E52009D8279 /* Info.plist */ = {isa = PBXFileReference; lastKnownFileType = text.plist.xml; path = Info.plist; sourceTree = "<group>"; };
		8407A5071B6E3E52009D8279 /* PageViewDemoTests.m */ = {isa = PBXFileReference; lastKnownFileType = sourcecode.c.objc; path = PageViewDemoTests.m; sourceTree = "<group>"; };
/* End PBXFileReference section */

/* Begin PBXFrameworksBuildPhase section */
		8407A4E51B6E3E52009D8279 /* Frameworks */ = {
			isa = PBXFrameworksBuildPhase;
			buildActionMask = 2147483647;
			files = (
			);
			runOnlyForDeploymentPostprocessing = 0;
		};
		8407A4FE1B6E3E52009D8279 /* Frameworks */ = {
			isa = PBXFrameworksBuildPhase;
			buildActionMask = 2147483647;
			files = (
			);
			runOnlyForDeploymentPostprocessing = 0;
		};
/* End PBXFrameworksBuildPhase section */

/* Begin PBXGroup section */
		8407A4DF1B6E3E52009D8279 = {
			isa = PBXGroup;
			children = (
				8407A4EA1B6E3E52009D8279 /* PageViewDemo */,
				8407A5041B6E3E52009D8279 /* PageViewDemoTests */,
				8407A4E91B6E3E52009D8279 /* Products */,
			);
			sourceTree = "<group>";
		};
		8407A4E91B6E3E52009D8279 /* Products */ = {
			isa = PBXGroup;
			children = (
				8407A4E81B6E3E52009D8279 /* PageViewDemo.app */,
				8407A5011B6E3E52009D8279 /* PageViewDemoTests.xctest */,
			);
			name = Products;
			sourceTree = "<group>";
		};
		8407A4EA1B6E3E52009D8279 /* PageViewDemo */ = {
			isa = PBXGroup;
			children = (
				8407A4EF1B6E3E52009D8279 /* AppDelegate.h */,
				8407A4F01B6E3E52009D8279 /* AppDelegate.m */,
				8407A4F21B6E3E52009D8279 /* ViewController.h */,
				8407A4F31B6E3E52009D8279 /* ViewController.m */,
				8407A4F51B6E3E52009D8279 /* Main.storyboard */,
				8407A4F81B6E3E52009D8279 /* Images.xcassets */,
				8407A4FA1B6E3E52009D8279 /* LaunchScreen.xib */,
				8407A4EB1B6E3E52009D8279 /* Supporting Files */,
			);
			path = PageViewDemo;
			sourceTree = "<group>";
		};
		8407A4EB1B6E3E52009D8279 /* Supporting Files */ = {
			isa = PBXGroup;
			children = (
				8407A4EC1B6E3E52009D8279 /* Info.plist */,
				8407A4ED1B6E3E52009D8279 /* main.m */,
			);
			name = "Supporting Files";
			sourceTree = "<group>";
		};
		8407A5041B6E3E52009D8279 /* PageViewDemoTests */ = {
			isa = PBXGroup;
			children = (
				8407A5071B6E3E52009D8279 /* PageViewDemoTests.m */,
				8407A5051B6E3E52009D8279 /* Supporting Files */,
			);
			path = PageViewDemoTests;
			sourceTree = "<group>";
		};
		8407A5051B6E3E52009D8279 /* Supporting Files */ = {
			isa = PBXGroup;
			children = (
				8407A5061B6E3E52009D8279 /* Info.plist */,
			);
			name = "Supporting Files";
			sourceTree = "<group>";
		};
/* End PBXGroup section */

/* Begin PBXNativeTarget section */
		8407A4E71B6E3E52009D8279 /* PageViewDemo */ = {
			isa = PBXNativeTarget;
			buildConfigurationList = 8407A50B1B6E3E52009D8279 /* Build configuration list for PBXNativeTarget "PageViewDemo" */;
			buildPhases = (
				8407A4E41B6E3E52009D8279 /* Sources */,
				8407A4E51B6E3E52009D8279 /* Frameworks */,
				8407A4E61B6E3E52009D8279 /* Resources */,
			);
			buildRules = (
			);
			dependencies = (
			);
			name = PageViewDemo;
			productName = PageViewDemo;
			productReference = 8407A4E81B6E3E52009D8279 /* PageViewDemo.app */;
			productType = "com.apple.product-type.application";
		};
		8407A5001B6E3E52009D8279 /* PageViewDemoTests */ = {
			isa = PBXNativeTarget;
			buildConfigurationList = 8407A50E1B6E3E52009D8279 /* Build configuration list for PBXNativeTarget "PageViewDemoTests" */;
			buildPhases = (
				8407A4FD1B6E3E52009D8279 /* Sources */,
				8407A4FE1B6E3E52009D8279 /* Frameworks */,
				8407A4FF1B6E3E52009D8279 /* Resources */,
			);
			buildRules = (
			);
			dependencies = (
				8407A5031B6E3E52009D8279 /* PBXTargetDependency */,
			);
			name = PageViewDemoTests;
			productName = PageViewDemoTests;
			productReference = 8407A5011B6E3E52009D8279 /* PageViewDemoTests.xctest */;
			productType = "com.apple.product-type.bundle.unit-test";
		};
/* End PBXNativeTarget section */

/* Begin PBXProject section */
		8407A4E01B6E3E52009D8279 /* Project object */ = {
			isa = PBXProject;
			attributes = {
				LastUpgradeCheck = 0620;
				ORGANIZATIONNAME = Admin;
				TargetAttributes = {
					8407A4E71B6E3E52009D8279 = {
						CreatedOnToolsVersion = 6.2;
					};
					8407A5001B6E3E52009D8279 = {
						CreatedOnToolsVersion = 6.2;
						TestTargetID = 8407A4E71B6E3E52009D8279;
					};
				};
			};
			buildConfigurationList = 8407A4E31B6E3E52009D8279 /* Build configuration list for PBXProject "PageViewDemo" */;
			compatibilityVersion = "Xcode 3.2";
			developmentRegion = English;
			hasScannedForEncodings = 0;
			knownRegions = (
				en,
				Base,
			);
			mainGroup = 8407A4DF1B6E3E52009D8279;
			productRefGroup = 8407A4E91B6E3E52009D8279 /* Products */;
			projectDirPath = "";
			projectRoot = "";
			targets = (
				8407A4E71B6E3E52009D8279 /* PageViewDemo */,
				8407A5001B6E3E52009D8279 /* PageViewDemoTests */,
			);
		};
/* End PBXProject section */

/* Begin PBXResourcesBuildPhase section */
		8407A4E61B6E3E52009D8279 /* Resources */ = {
			isa = PBXResourcesBuildPhase;
			buildActionMask = 2147483647;
			files = (
				8407A4F71B6E3E52009D8279 /* Main.storyboard in Resources */,
				8407A4FC1B6E3E52009D8279 /* LaunchScreen.xib in Resources */,
				8407A4F91B6E3E52009D8279 /* Images.xcassets in Resources */,
			);
			runOnlyForDeploymentPostprocessing = 0;
		};
		8407A4FF1B6E3E52009D8279 /* Resources */ = {
			isa = PBXResourcesBuildPhase;
			buildActionMask = 2147483647;
			files = (
			);
			runOnlyForDeploymentPostprocessing = 0;
		};
/* End PBXResourcesBuildPhase section */

/* Begin PBXSourcesBuildPhase section */
		8407A4E41B6E3E52009D8279 /* Sources */ = {
			isa = PBXSourcesBuildPhase;
			buildActionMask = 2147483647;
			files = (
				8407A4F41B6E3E52009D8279 /* ViewController.m in Sources */,
				8407A4F11B6E3E52009D8279 /* AppDelegate.m in Sources */,
				8407A4EE1B6E3E52009D8279 /* main.m in Sources */,
			);
			runOnlyForDeploymentPostprocessing = 0;
		};
		8407A4FD1B6E3E52009D8279 /* Sources */ = {
			isa = PBXSourcesBuildPhase;
			buildActionMask = 2147483647;
			files = (
				8407A5081B6E3E52009D8279 /* PageViewDemoTests.m in Sources */,
			);
			runOnlyForDeploymentPostprocessing = 0;
		};
/* End PBXSourcesBuildPhase section */

/* Begin PBXTargetDependency section */
		8407A5031B6E3E52009D8279 /* PBXTargetDependency */ = {
			isa = PBXTargetDependency;
			target = 8407A4E71B6E3E52009D8279 /* PageViewDemo */;
			targetProxy = 8407A5021B6E3E52009D8279 /* PBXContainerItemProxy */;
		};
/* End PBXTargetDependency section */

/* Begin PBXVariantGroup section */
		8407A4F51B6E3E52009D8279 /* Main.storyboard */ = {
			isa = PBXVariantGroup;
			children = (
				8407A4F61B6E3E52009D8279 /* Base */,
			);
			name = Main.storyboard;
			sourceTree = "<group>";
		};
		8407A4FA1B6E3E52009D8279 /* LaunchScreen.xib */ = {
			isa = PBXVariantGroup;
			children = (
				8407A4FB1B6E3E52009D8279 /* Base */,
			);
			name = LaunchScreen.xib;
			sourceTree = "<group>";
		};
/* End PBXVariantGroup section */

/* Begin XCBuildConfiguration section */
		8407A5091B6E3E52009D8279 /* Debug */ = {
			isa = XCBuildConfiguration;
			buildSettings = {
				ALWAYS_SEARCH_USER_PATHS = NO;
				CLANG_CXX_LANGUAGE_STANDARD = "gnu++0x";
				CLANG_CXX_LIBRARY = "libc++";
				CLANG_ENABLE_MODULES = YES;
				CLANG_ENABLE_OBJC_ARC = YES;
				CLANG_WARN_BOOL_CONVERSION = YES;
				CLANG_WARN_CONSTANT_CONVERSION = YES;
				CLANG_WARN_DIRECT_OBJC_ISA_USAGE = YES_ERROR;
				CLANG_WARN_EMPTY_BODY = YES;
				CLANG_WARN_ENUM_CONVERSION = YES;
				CLANG_WARN_INT_CONVERSION = YES;
				CLANG_WARN_OBJC_ROOT_CLASS = YES_ERROR;
				CLANG_WARN_UNREACHABLE_CODE = YES;
				CLANG_WARN__DUPLICATE_METHOD_MATCH = YES;
				"CODE_SIGN_IDENTITY[sdk=iphoneos*]" = "iPhone Developer";
				COPY_PHASE_STRIP = NO;
				ENABLE_STRICT_OBJC_MSGSEND = YES;
				GCC_C_LANGUAGE_STANDARD = gnu99;
				GCC_DYNAMIC_NO_PIC = NO;
				GCC_OPTIMIZATION_LEVEL = 0;
				GCC_PREPROCESSOR_DEFINITIONS = (
					"DEBUG=1",
					"$(inherited)",
				);
				GCC_SYMBOLS_PRIVATE_EXTERN = NO;
				GCC_WARN_64_TO_32_BIT_CONVERSION = YES;
				GCC_WARN_ABOUT_RETURN_TYPE = YES_ERROR;
				GCC_WARN_UNDECLARED_SELECTOR = YES;
				GCC_WARN_UNINITIALIZED_AUTOS = YES_AGGRESSIVE;
				GCC_WARN_UNUSED_FUNCTION = YES;
				GCC_WARN_UNUSED_VARIABLE = YES;
				IPHONEOS_DEPLOYMENT_TARGET = 8.2;
				MTL_ENABLE_DEBUG_INFO = YES;
				ONLY_ACTIVE_ARCH = YES;
				SDKROOT = iphoneos;
			};
			name = Debug;
		};
		8407A50A1B6E3E52009D8279 /* Release */ = {
			isa = XCBuildConfiguration;
			buildSettings = {
				ALWAYS_SEARCH_USER_PATHS = NO;
				CLANG_CXX_LANGUAGE_STANDARD = "gnu++0x";
				CLANG_CXX_LIBRARY = "libc++";
				CLANG_ENABLE_MODULES = YES;
				CLANG_ENABLE_OBJC_ARC = YES;
				CLANG_WARN_BOOL_CONVERSION = YES;
				CLANG_WARN_CONSTANT_CONVERSION = YES;
				CLANG_WARN_DIRECT_OBJC_ISA_USAGE = YES_ERROR;
				CLANG_WARN_EMPTY_BODY = YES;
				CLANG_WARN_ENUM_CONVERSION = YES;
				CLANG_WARN_INT_CONVERSION = YES;
				CLANG_WARN_OBJC_ROOT_CLASS = YES_ERROR;
				CLANG_WARN_UNREACHABLE_CODE = YES;
				CLANG_WARN__DUPLICATE_METHOD_MATCH = YES;
				"CODE_SIGN_IDENTITY[sdk=iphoneos*]" = "iPhone Developer";
				COPY_PHASE_STRIP = NO;
				ENABLE_NS_ASSERTIONS = NO;
				ENABLE_STRICT_OBJC_MSGSEND = YES;
				GCC_C_LANGUAGE_STANDARD = gnu99;
				GCC_WARN_64_TO_32_BIT_CONVERSION = YES;
				GCC_WARN_ABOUT_RETURN_TYPE = YES_ERROR;
				GCC_WARN_UNDECLARED_SELECTOR = YES;
				GCC_WARN_UNINITIALIZED_AUTOS = YES_AGGRESSIVE;
				GCC_WARN_UNUSED_FUNCTION = YES;
				GCC_WARN_UNUSED_VARIABLE = YES;
				IPHONEOS_DEPLOYMENT_TARGET = 8.2;
				MTL_ENABLE_DEBUG_INFO = NO;
				SDKROOT = iphoneos;
				VALIDATE_PRODUCT = YES;
			};
			name = Release;
		};
		8407A50C1B6E3E52009D8279 /* Debug */ = {
			isa = XCBuildConfiguration;
			buildSettings = {
				ASSETCATALOG_COMPILER_APPICON_NAME = AppIcon;
				INFOPLIST_FILE = PageViewDemo/Info.plist;
				LD_RUNPATH_SEARCH_PATHS = "$(inherited) @executable_path/Frameworks";
				PRODUCT_NAME = "$(TARGET_NAME)";
			};
			name = Debug;
		};
		8407A50D1B6E3E52009D8279 /* Release */ = {
			isa = XCBuildConfiguration;
			buildSettings = {
				ASSETCATALOG_COMPILER_APPICON_NAME = AppIcon;
				INFOPLIST_FILE = PageViewDemo/Info.plist;
				LD_RUNPATH_SEARCH_PATHS = "$(inherited) @executable_path/Frameworks";
				PRODUCT_NAME = "$(TARGET_NAME)";
			};
			name = Release;
		};
		8407A50F1B6E3E52009D8279 /* Debug */ = {
			isa = XCBuildConfiguration;
			buildSettings = {
				BUNDLE_LOADER = "$(TEST_HOST)";
				FRAMEWORK_SEARCH_PATHS = (
					"$(SDKROOT)/Developer/Library/Frameworks",
					"$(inherited)",
				);
				GCC_PREPROCESSOR_DEFINITIONS = (
					"DEBUG=1",
					"$(inherited)",
				);
				INFOPLIST_FILE = PageViewDemoTests/Info.plist;
				LD_RUNPATH_SEARCH_PATHS = "$(inherited) @executable_path/Frameworks @loader_path/Frameworks";
				PRODUCT_NAME = "$(TARGET_NAME)";
				TEST_HOST = "$(BUILT_PRODUCTS_DIR)/PageViewDemo.app/PageViewDemo";
			};
			name = Debug;
		};
		8407A5101B6E3E52009D8279 /* Release */ = {
			isa = XCBuildConfiguration;
			buildSettings = {
				BUNDLE_LOADER = "$(TEST_HOST)";
				FRAMEWORK_SEARCH_PATHS = (
					"$(SDKROOT)/Developer/Library/Frameworks",
					"$(inherited)",
				);
				INFOPLIST_FILE = PageViewDemoTests/Info.plist;
				LD_RUNPATH_SEARCH_PATHS = "$(inherited) @executable_path/Frameworks @loader_path/Frameworks";
				PRODUCT_NAME = "$(TARGET_NAME)";
				TEST_HOST = "$(BUILT_PRODUCTS_DIR)/PageViewDemo.app/PageViewDemo";
			};
			name = Release;
		};
/* End XCBuildConfiguration section */

/* Begin XCConfigurationList section */
		8407A4E31B6E3E52009D8279 /* Build configuration list for PBXProject "PageViewDemo" */ = {
			isa = XCConfigurationList;
			buildConfigurations = (
				8407A5091B6E3E52009D8279 /* Debug */,
				8407A50A1B6E3E52009D8279 /* Release */,
			);
			defaultConfigurationIsVisible = 0;
			defaultConfigurationName = Release;
		};
		8407A50B1B6E3E52009D8279 /* Build configuration list for PBXNativeTarget "PageViewDemo" */ = {
			isa = XCConfigurationList;
			buildConfigurations = (
				8407A50C1B6E3E52009D8279 /* Debug */,
				8407A50D1B6E3E52009D8279 /* Release */,
			);
			defaultConfigurationIsVisible = 0;
		};
		8407A50E1B6E3E52009D8279 /* Build configuration list for PBXNativeTarget "PageViewDemoTests" */ = {
			isa = XCConfigurationList;
			buildConfigurations = (
				8407A50F1B6E3E52009D8279 /* Debug */,
				8407A5101B6E3E52009D8279 /* Release */,
			);
			defaultConfigurationIsVisible = 0;
		};
/* End XCConfigurationList section */
	};
	rootObject = 8407A4E01B6E3E52009D8279 /* Project object */;
}
